
Microsoft Visual Studio Solution File, Format Version 12.00
# Visual Studio Version 17
VisualStudioVersion = 17.0.31903.59
MinimumVisualStudioVersion = 10.0.40219.1
Project("{FAE04EC0-301F-11D3-BF4B-00C04F79EFBC}") = "Microservice.StorageGateway.WebApi", "src\WebApi\Microservice.StorageGateway.WebApi.csproj", "{1EE77745-2F90-43FB-9326-2B86E2A54D95}"
EndProject
Project("{FAE04EC0-301F-11D3-BF4B-00C04F79EFBC}") = "Microservice.StorageGateway.Application", "src\Application\Microservice.StorageGateway.Application.csproj", "{3ACA84FC-3B6E-4B66-A399-D74D7855BB02}"
EndProject
Project("{FAE04EC0-301F-11D3-BF4B-00C04F79EFBC}") = "Microservice.StorageGateway.Domain", "src\Domain\Microservice.StorageGateway.Domain.csproj", "{C7F9DA81-FCBC-4C07-9AAA-BB3CBEE0B7E1}"
EndProject
Project("{FAE04EC0-301F-11D3-BF4B-00C04F79EFBC}") = "Microservice.StorageGateway.Infrastructure", "src\Infrastructure\Microservice.StorageGateway.Infrastructure.csproj", "{4D81C0ED-21EB-4A6A-98E4-6BF2E88A0825}"
EndProject
Project("{FAE04EC0-301F-11D3-BF4B-00C04F79EFBC}") = "Microservice.StorageGateway.Contracts", "src\Contracts\Microservice.StorageGateway.Contracts.csproj", "{46C8D0D6-B31E-403C-B139-B45758A35F00}"
EndProject
Project("{FAE04EC0-301F-11D3-BF4B-00C04F79EFBC}") = "Microservice.StorageGateway.Persistence", "src\Persistence\Microservice.StorageGateway.Persistence.csproj", "{2DF97EA4-DFE9-43D2-959F-E13D0A36AF23}"
EndProject
Global
	GlobalSection(SolutionConfigurationPlatforms) = preSolution
		Debug|Any CPU = Debug|Any CPU
		Release|Any CPU = Release|Any CPU
	EndGlobalSection
	GlobalSection(SolutionProperties) = preSolution
		HideSolutionNode = FALSE
	EndGlobalSection
	GlobalSection(ProjectConfigurationPlatforms) = postSolution
		{1EE77745-2F90-43FB-9326-2B86E2A54D95}.Debug|Any CPU.ActiveCfg = Debug|Any CPU
		{1EE77745-2F90-43FB-9326-2B86E2A54D95}.Debug|Any CPU.Build.0 = Debug|Any CPU
		{1EE77745-2F90-43FB-9326-2B86E2A54D95}.Release|Any CPU.ActiveCfg = Release|Any CPU
		{1EE77745-2F90-43FB-9326-2B86E2A54D95}.Release|Any CPU.Build.0 = Release|Any CPU
		{3ACA84FC-3B6E-4B66-A399-D74D7855BB02}.Debug|Any CPU.ActiveCfg = Debug|Any CPU
		{3ACA84FC-3B6E-4B66-A399-D74D7855BB02}.Debug|Any CPU.Build.0 = Debug|Any CPU
		{3ACA84FC-3B6E-4B66-A399-D74D7855BB02}.Release|Any CPU.ActiveCfg = Release|Any CPU
		{3ACA84FC-3B6E-4B66-A399-D74D7855BB02}.Release|Any CPU.Build.0 = Release|Any CPU
		{C7F9DA81-FCBC-4C07-9AAA-BB3CBEE0B7E1}.Debug|Any CPU.ActiveCfg = Debug|Any CPU
		{C7F9DA81-FCBC-4C07-9AAA-BB3CBEE0B7E1}.Debug|Any CPU.Build.0 = Debug|Any CPU
		{C7F9DA81-FCBC-4C07-9AAA-BB3CBEE0B7E1}.Release|Any CPU.ActiveCfg = Release|Any CPU
		{C7F9DA81-FCBC-4C07-9AAA-BB3CBEE0B7E1}.Release|Any CPU.Build.0 = Release|Any CPU
		{4D81C0ED-21EB-4A6A-98E4-6BF2E88A0825}.Debug|Any CPU.ActiveCfg = Debug|Any CPU
		{4D81C0ED-21EB-4A6A-98E4-6BF2E88A0825}.Debug|Any CPU.Build.0 = Debug|Any CPU
		{4D81C0ED-21EB-4A6A-98E4-6BF2E88A0825}.Release|Any CPU.ActiveCfg = Release|Any CPU
		{4D81C0ED-21EB-4A6A-98E4-6BF2E88A0825}.Release|Any CPU.Build.0 = Release|Any CPU
		{46C8D0D6-B31E-403C-B139-B45758A35F00}.Debug|Any CPU.ActiveCfg = Debug|Any CPU
		{46C8D0D6-B31E-403C-B139-B45758A35F00}.Debug|Any CPU.Build.0 = Debug|Any CPU
		{46C8D0D6-B31E-403C-B139-B45758A35F00}.Release|Any CPU.ActiveCfg = Release|Any CPU
		{46C8D0D6-B31E-403C-B139-B45758A35F00}.Release|Any CPU.Build.0 = Release|Any CPU
		{2DF97EA4-DFE9-43D2-959F-E13D0A36AF23}.Debug|Any CPU.ActiveCfg = Debug|Any CPU
		{2DF97EA4-DFE9-43D2-959F-E13D0A36AF23}.Debug|Any CPU.Build.0 = Debug|Any CPU
		{2DF97EA4-DFE9-43D2-959F-E13D0A36AF23}.Release|Any CPU.ActiveCfg = Release|Any CPU
		{2DF97EA4-DFE9-43D2-959F-E13D0A36AF23}.Release|Any CPU.Build.0 = Release|Any CPU
	EndGlobalSection
EndGlobal
